{
  "version": 4,
  "terraform_version": "1.12.1",
  "serial": 421,
  "lineage": "4ca5b67b-bdb1-eddd-d0cd-6664096beaba",
  "outputs": {
    "api_ecr_repository_url": {
      "value": "940482447349.dkr.ecr.us-west-2.amazonaws.com/order-processor-api",
      "type": "string"
    },
    "app_security_group_id": {
      "value": "sg-04f19ab61ac0d7c59",
      "type": "string"
    },
    "frontend_ecr_repository_url": {
      "value": "940482447349.dkr.ecr.us-west-2.amazonaws.com/order-processor-frontend",
      "type": "string"
    },
    "inventory_database_name": {
      "value": "inventorydb",
      "type": "string"
    },
    "inventory_db_connection_string": {
      "value": "postgresql://orderuser:dummypassword@order-processor-dev-postgres-inventory.c14o880imgxe.us-west-2.rds.amazonaws.com:5432:5432/inventorydb",
      "type": "string",
      "sensitive": true
    },
    "order_database_name": {
      "value": "orderdb",
      "type": "string"
    },
    "order_db_connection_string": {
      "value": "postgresql://orderuser:dummypassword@order-processor-dev-postgres-order.c14o880imgxe.us-west-2.rds.amazonaws.com:5432:5432/orderdb",
      "type": "string",
      "sensitive": true
    },
    "private_subnet_ids": {
      "value": [
        "subnet-064aa89304aea69dd",
        "subnet-0062edd24f856579d"
      ],
      "type": [
        "tuple",
        [
          "string",
          "string"
        ]
      ]
    },
    "product_database_name": {
      "value": "productdb",
      "type": "string"
    },
    "product_db_connection_string": {
      "value": "postgresql://orderuser:dummypassword@order-processor-dev-postgres-product.c14o880imgxe.us-west-2.rds.amazonaws.com:5432:5432/productdb",
      "type": "string",
      "sensitive": true
    },
    "public_subnet_ids": {
      "value": [
        "subnet-0199867988c586d8e",
        "subnet-092cb7f7574cbdcbb"
      ],
      "type": [
        "tuple",
        [
          "string",
          "string"
        ]
      ]
    },
    "rds_inventory_endpoint": {
      "value": "order-processor-dev-postgres-inventory.c14o880imgxe.us-west-2.rds.amazonaws.com:5432",
      "type": "string"
    },
    "rds_inventory_port": {
      "value": 5432,
      "type": "number"
    },
    "rds_order_endpoint": {
      "value": "order-processor-dev-postgres-order.c14o880imgxe.us-west-2.rds.amazonaws.com:5432",
      "type": "string"
    },
    "rds_order_port": {
      "value": 5432,
      "type": "number"
    },
    "rds_product_endpoint": {
      "value": "order-processor-dev-postgres-product.c14o880imgxe.us-west-2.rds.amazonaws.com:5432",
      "type": "string"
    },
    "rds_product_port": {
      "value": 5432,
      "type": "number"
    },
    "vpc_id": {
      "value": "vpc-0669d3c7f94265f95",
      "type": "string"
    }
  },
  "resources": [
    {
      "mode": "data",
      "type": "aws_availability_zones",
      "name": "available",
      "provider": "provider[\"registry.terraform.io/hashicorp/aws\"]",
      "instances": [
        {
          "schema_version": 0,
          "attributes": {
            "all_availability_zones": null,
            "exclude_names": null,
            "exclude_zone_ids": null,
            "filter": null,
            "group_names": [
              "us-west-2-zg-1"
            ],
            "id": "us-west-2",
            "names": [
              "us-west-2a",
              "us-west-2b",
              "us-west-2c",
              "us-west-2d"
            ],
            "state": "available",
            "timeouts": null,
            "zone_ids": [
              "usw2-az2",
              "usw2-az1",
              "usw2-az3",
              "usw2-az4"
            ]
          },
          "sensitive_attributes": [],
          "identity_schema_version": 0
        }
      ]
    },
    {
      "mode": "managed",
      "type": "aws_cloudwatch_log_group",
      "name": "inventory_manager_logs",
      "provider": "provider[\"registry.terraform.io/hashicorp/aws\"]",
      "instances": [
        {
          "schema_version": 0,
          "attributes": {
            "arn": "arn:aws:logs:us-west-2:940482447349:log-group:/aws/lambda/order-processor-dev-inventory-manager",
            "id": "/aws/lambda/order-processor-dev-inventory-manager",
            "kms_key_id": "",
            "log_group_class": "STANDARD",
            "name": "/aws/lambda/order-processor-dev-inventory-manager",
            "name_prefix": "",
            "retention_in_days": 14,
            "skip_destroy": false,
            "tags": {
              "Environment": "dev",
              "Name": "order-processor-dev-inventory-manager-logs"
            },
            "tags_all": {
              "Environment": "dev",
              "Name": "order-processor-dev-inventory-manager-logs"
            }
          },
          "sensitive_attributes": [],
          "identity_schema_version": 0,
          "private": "bnVsbA==",
          "dependencies": [
            "aws_db_instance.postgres_inventory",
            "aws_db_instance.postgres_product",
            "aws_db_subnet_group.main",
            "aws_iam_role.lambda_role",
            "aws_iam_role_policy_attachment.lambda_vpc_execution",
            "aws_lambda_function.inventory_manager",
            "aws_security_group.app",
            "aws_security_group.lambda",
            "aws_security_group.rds_inventory",
            "aws_security_group.rds_product",
            "aws_subnet.private",
            "aws_vpc.main",
            "data.aws_availability_zones.available"
          ]
        }
      ]
    },
    {
      "mode": "managed",
      "type": "aws_cloudwatch_log_group",
      "name": "notification_handler_logs",
      "provider": "provider[\"registry.terraform.io/hashicorp/aws\"]",
      "instances": [
        {
          "schema_version": 0,
          "attributes": {
            "arn": "arn:aws:logs:us-west-2:940482447349:log-group:/aws/lambda/order-processor-dev-notification-handler",
            "id": "/aws/lambda/order-processor-dev-notification-handler",
            "kms_key_id": "",
            "log_group_class": "STANDARD",
            "name": "/aws/lambda/order-processor-dev-notification-handler",
            "name_prefix": "",
            "retention_in_days": 14,
            "skip_destroy": false,
            "tags": {
              "Environment": "dev",
              "Name": "order-processor-dev-notification-handler-logs"
            },
            "tags_all": {
              "Environment": "dev",
              "Name": "order-processor-dev-notification-handler-logs"
            }
          },
          "sensitive_attributes": [],
          "identity_schema_version": 0,
          "private": "bnVsbA==",
          "dependencies": [
            "aws_iam_role.lambda_role",
            "aws_iam_role_policy_attachment.lambda_vpc_execution",
            "aws_lambda_function.notification_handler",
            "aws_security_group.lambda",
            "aws_sns_topic.order_notifications",
            "aws_subnet.private",
            "aws_vpc.main",
            "data.aws_availability_zones.available"
          ]
        }
      ]
    },
    {
      "mode": "managed",
      "type": "aws_cloudwatch_log_group",
      "name": "order_processor_logs",
      "provider": "provider[\"registry.terraform.io/hashicorp/aws\"]",
      "instances": [
        {
          "schema_version": 0,
          "attributes": {
            "arn": "arn:aws:logs:us-west-2:940482447349:log-group:/aws/lambda/order-processor-dev-order-processor",
            "id": "/aws/lambda/order-processor-dev-order-processor",
            "kms_key_id": "",
            "log_group_class": "STANDARD",
            "name": "/aws/lambda/order-processor-dev-order-processor",
            "name_prefix": "",
            "retention_in_days": 14,
            "skip_destroy": false,
            "tags": {
              "Environment": "dev",
              "Name": "order-processor-dev-order-processor-logs"
            },
            "tags_all": {
              "Environment": "dev",
              "Name": "order-processor-dev-order-processor-logs"
            }
          },
          "sensitive_attributes": [],
          "identity_schema_version": 0,
          "private": "bnVsbA==",
          "dependencies": [
            "aws_db_instance.postgres_order",
            "aws_db_subnet_group.main",
            "aws_iam_role.lambda_role",
            "aws_iam_role_policy_attachment.lambda_vpc_execution",
            "aws_lambda_function.order_processor",
            "aws_security_group.app",
            "aws_security_group.lambda",
            "aws_security_group.rds_order",
            "aws_sns_topic.order_notifications",
            "aws_sqs_queue.inventory_updates",
            "aws_subnet.private",
            "aws_vpc.main",
            "data.aws_availability_zones.available"
          ]
        }
      ]
    },
    {
      "mode": "managed",
      "type": "aws_db_instance",
      "name": "postgres_inventory",
      "provider": "provider[\"registry.terraform.io/hashicorp/aws\"]",
      "instances": [
        {
          "schema_version": 2,
          "attributes": {
            "address": "order-processor-dev-postgres-inventory.c14o880imgxe.us-west-2.rds.amazonaws.com",
            "allocated_storage": 20,
            "allow_major_version_upgrade": null,
            "apply_immediately": false,
            "arn": "arn:aws:rds:us-west-2:940482447349:db:order-processor-dev-postgres-inventory",
            "auto_minor_version_upgrade": true,
            "availability_zone": "us-west-2a",
            "backup_retention_period": 7,
            "backup_target": "region",
            "backup_window": "04:00-05:00",
            "blue_green_update": [],
            "ca_cert_identifier": "rds-ca-rsa2048-g1",
            "character_set_name": "",
            "copy_tags_to_snapshot": false,
            "custom_iam_instance_profile": "",
            "customer_owned_ip_enabled": false,
            "database_insights_mode": "standard",
            "db_name": "inventorydb",
            "db_subnet_group_name": "order_processor_dev_subnet_group",
            "dedicated_log_volume": false,
            "delete_automated_backups": true,
            "deletion_protection": false,
            "domain": "",
            "domain_auth_secret_arn": "",
            "domain_dns_ips": [],
            "domain_fqdn": "",
            "domain_iam_role_name": "",
            "domain_ou": "",
            "enabled_cloudwatch_logs_exports": [],
            "endpoint": "order-processor-dev-postgres-inventory.c14o880imgxe.us-west-2.rds.amazonaws.com:5432",
            "engine": "postgres",
            "engine_lifecycle_support": "open-source-rds-extended-support",
            "engine_version": "15",
            "engine_version_actual": "15.12",
            "final_snapshot_identifier": null,
            "hosted_zone_id": "Z1PVIF0B656C1W",
            "iam_database_authentication_enabled": false,
            "id": "db-WV262LV2AHNVZ6AIPE3CNNXMKA",
            "identifier": "order-processor-dev-postgres-inventory",
            "identifier_prefix": "",
            "instance_class": "db.t3.micro",
            "iops": 0,
            "kms_key_id": "arn:aws:kms:us-west-2:940482447349:key/9abe491f-9068-4167-a135-2301f904fcdf",
            "latest_restorable_time": "2025-06-07T00:14:39Z",
            "license_model": "postgresql-license",
            "listener_endpoint": [],
            "maintenance_window": "sun:06:00-sun:07:00",
            "manage_master_user_password": null,
            "master_user_secret": [],
            "master_user_secret_kms_key_id": null,
            "max_allocated_storage": 100,
            "monitoring_interval": 0,
            "monitoring_role_arn": "",
            "multi_az": false,
            "nchar_character_set_name": "",
            "network_type": "IPV4",
            "option_group_name": "default:postgres-15",
            "parameter_group_name": "default.postgres15",
            "password": "dummypassword",
            "password_wo": null,
            "password_wo_version": null,
            "performance_insights_enabled": false,
            "performance_insights_kms_key_id": "",
            "performance_insights_retention_period": 0,
            "port": 5432,
            "publicly_accessible": false,
            "replica_mode": "",
            "replicas": [],
            "replicate_source_db": "",
            "resource_id": "db-WV262LV2AHNVZ6AIPE3CNNXMKA",
            "restore_to_point_in_time": [],
            "s3_import": [],
            "skip_final_snapshot": true,
            "snapshot_identifier": null,
            "status": "available",
            "storage_encrypted": true,
            "storage_throughput": 0,
            "storage_type": "gp2",
            "tags": {
              "Environment": "dev",
              "Name": "order-processor-dev-postgres-inventory",
              "Service": "inventory"
            },
            "tags_all": {
              "Environment": "dev",
              "Name": "order-processor-dev-postgres-inventory",
              "Service": "inventory"
            },
            "timeouts": null,
            "timezone": "",
            "upgrade_storage_config": null,
            "username": "orderuser",
            "vpc_security_group_ids": [
              "sg-0348741370872aa9d"
            ]
          },
          "sensitive_attributes": [
            [
              {
                "type": "get_attr",
                "value": "password"
              }
            ],
            [
              {
                "type": "get_attr",
                "value": "password_wo"
              }
            ]
          ],
          "identity_schema_version": 0,
          "private": "eyJlMmJmYjczMC1lY2FhLTExZTYtOGY4OC0zNDM2M2JjN2M0YzAiOnsiY3JlYXRlIjozMDAwMDAwMDAwMDAwLCJkZWxldGUiOjM2MDAwMDAwMDAwMDAsInVwZGF0ZSI6NDgwMDAwMDAwMDAwMH0sInNjaGVtYV92ZXJzaW9uIjoiMiJ9",
          "dependencies": [
            "aws_db_subnet_group.main",
            "aws_security_group.app",
            "aws_security_group.rds_inventory",
            "aws_subnet.private",
            "aws_vpc.main",
            "data.aws_availability_zones.available"
          ]
        }
      ]
    },
    {
      "mode": "managed",
      "type": "aws_db_instance",
      "name": "postgres_order",
      "provider": "provider[\"registry.terraform.io/hashicorp/aws\"]",
      "instances": [
        {
          "schema_version": 2,
          "attributes": {
            "address": "order-processor-dev-postgres-order.c14o880imgxe.us-west-2.rds.amazonaws.com",
            "allocated_storage": 20,
            "allow_major_version_upgrade": null,
            "apply_immediately": false,
            "arn": "arn:aws:rds:us-west-2:940482447349:db:order-processor-dev-postgres-order",
            "auto_minor_version_upgrade": true,
            "availability_zone": "us-west-2a",
            "backup_retention_period": 7,
            "backup_target": "region",
            "backup_window": "03:00-04:00",
            "blue_green_update": [],
            "ca_cert_identifier": "rds-ca-rsa2048-g1",
            "character_set_name": "",
            "copy_tags_to_snapshot": false,
            "custom_iam_instance_profile": "",
            "customer_owned_ip_enabled": false,
            "database_insights_mode": "standard",
            "db_name": "orderdb",
            "db_subnet_group_name": "order_processor_dev_subnet_group",
            "dedicated_log_volume": false,
            "delete_automated_backups": true,
            "deletion_protection": false,
            "domain": "",
            "domain_auth_secret_arn": "",
            "domain_dns_ips": [],
            "domain_fqdn": "",
            "domain_iam_role_name": "",
            "domain_ou": "",
            "enabled_cloudwatch_logs_exports": [],
            "endpoint": "order-processor-dev-postgres-order.c14o880imgxe.us-west-2.rds.amazonaws.com:5432",
            "engine": "postgres",
            "engine_lifecycle_support": "open-source-rds-extended-support",
            "engine_version": "15",
            "engine_version_actual": "15.12",
            "final_snapshot_identifier": null,
            "hosted_zone_id": "Z1PVIF0B656C1W",
            "iam_database_authentication_enabled": false,
            "id": "db-S344RTLACQ3KVL4K2ZMBPZLXAY",
            "identifier": "order-processor-dev-postgres-order",
            "identifier_prefix": "",
            "instance_class": "db.t3.micro",
            "iops": 0,
            "kms_key_id": "arn:aws:kms:us-west-2:940482447349:key/9abe491f-9068-4167-a135-2301f904fcdf",
            "latest_restorable_time": "2025-06-07T00:19:39Z",
            "license_model": "postgresql-license",
            "listener_endpoint": [],
            "maintenance_window": "sun:04:00-sun:05:00",
            "manage_master_user_password": null,
            "master_user_secret": [],
            "master_user_secret_kms_key_id": null,
            "max_allocated_storage": 100,
            "monitoring_interval": 0,
            "monitoring_role_arn": "",
            "multi_az": false,
            "nchar_character_set_name": "",
            "network_type": "IPV4",
            "option_group_name": "default:postgres-15",
            "parameter_group_name": "default.postgres15",
            "password": "dummypassword",
            "password_wo": null,
            "password_wo_version": null,
            "performance_insights_enabled": false,
            "performance_insights_kms_key_id": "",
            "performance_insights_retention_period": 0,
            "port": 5432,
            "publicly_accessible": false,
            "replica_mode": "",
            "replicas": [],
            "replicate_source_db": "",
            "resource_id": "db-S344RTLACQ3KVL4K2ZMBPZLXAY",
            "restore_to_point_in_time": [],
            "s3_import": [],
            "skip_final_snapshot": true,
            "snapshot_identifier": null,
            "status": "available",
            "storage_encrypted": true,
            "storage_throughput": 0,
            "storage_type": "gp2",
            "tags": {
              "Environment": "dev",
              "Name": "order-processor-dev-postgres-order",
              "Service": "order"
            },
            "tags_all": {
              "Environment": "dev",
              "Name": "order-processor-dev-postgres-order",
              "Service": "order"
            },
            "timeouts": null,
            "timezone": "",
            "upgrade_storage_config": null,
            "username": "orderuser",
            "vpc_security_group_ids": [
              "sg-0e7a91518cfeb7ca8"
            ]
          },
          "sensitive_attributes": [
            [
              {
                "type": "get_attr",
                "value": "password"
              }
            ],
            [
              {
                "type": "get_attr",
                "value": "password_wo"
              }
            ]
          ],
          "identity_schema_version": 0,
          "private": "eyJlMmJmYjczMC1lY2FhLTExZTYtOGY4OC0zNDM2M2JjN2M0YzAiOnsiY3JlYXRlIjozMDAwMDAwMDAwMDAwLCJkZWxldGUiOjM2MDAwMDAwMDAwMDAsInVwZGF0ZSI6NDgwMDAwMDAwMDAwMH0sInNjaGVtYV92ZXJzaW9uIjoiMiJ9",
          "dependencies": [
            "aws_db_subnet_group.main",
            "aws_security_group.app",
            "aws_security_group.rds_order",
            "aws_subnet.private",
            "aws_vpc.main",
            "data.aws_availability_zones.available"
          ]
        }
      ]
    },
    {
      "mode": "managed",
      "type": "aws_db_instance",
      "name": "postgres_product",
      "provider": "provider[\"registry.terraform.io/hashicorp/aws\"]",
      "instances": [
        {
          "schema_version": 2,
          "attributes": {
            "address": "order-processor-dev-postgres-product.c14o880imgxe.us-west-2.rds.amazonaws.com",
            "allocated_storage": 20,
            "allow_major_version_upgrade": null,
            "apply_immediately": false,
            "arn": "arn:aws:rds:us-west-2:940482447349:db:order-processor-dev-postgres-product",
            "auto_minor_version_upgrade": true,
            "availability_zone": "us-west-2a",
            "backup_retention_period": 7,
            "backup_target": "region",
            "backup_window": "03:30-04:30",
            "blue_green_update": [],
            "ca_cert_identifier": "rds-ca-rsa2048-g1",
            "character_set_name": "",
            "copy_tags_to_snapshot": false,
            "custom_iam_instance_profile": "",
            "customer_owned_ip_enabled": false,
            "database_insights_mode": "standard",
            "db_name": "productdb",
            "db_subnet_group_name": "order_processor_dev_subnet_group",
            "dedicated_log_volume": false,
            "delete_automated_backups": true,
            "deletion_protection": false,
            "domain": "",
            "domain_auth_secret_arn": "",
            "domain_dns_ips": [],
            "domain_fqdn": "",
            "domain_iam_role_name": "",
            "domain_ou": "",
            "enabled_cloudwatch_logs_exports": [],
            "endpoint": "order-processor-dev-postgres-product.c14o880imgxe.us-west-2.rds.amazonaws.com:5432",
            "engine": "postgres",
            "engine_lifecycle_support": "open-source-rds-extended-support",
            "engine_version": "15",
            "engine_version_actual": "15.12",
            "final_snapshot_identifier": null,
            "hosted_zone_id": "Z1PVIF0B656C1W",
            "iam_database_authentication_enabled": false,
            "id": "db-73IGGAZVWYL2U2ZAV6HCFD5FDU",
            "identifier": "order-processor-dev-postgres-product",
            "identifier_prefix": "",
            "instance_class": "db.t3.micro",
            "iops": 0,
            "kms_key_id": "arn:aws:kms:us-west-2:940482447349:key/9abe491f-9068-4167-a135-2301f904fcdf",
            "latest_restorable_time": "2025-06-07T00:14:38Z",
            "license_model": "postgresql-license",
            "listener_endpoint": [],
            "maintenance_window": "sun:05:00-sun:06:00",
            "manage_master_user_password": null,
            "master_user_secret": [],
            "master_user_secret_kms_key_id": null,
            "max_allocated_storage": 100,
            "monitoring_interval": 0,
            "monitoring_role_arn": "",
            "multi_az": false,
            "nchar_character_set_name": "",
            "network_type": "IPV4",
            "option_group_name": "default:postgres-15",
            "parameter_group_name": "default.postgres15",
            "password": "dummypassword",
            "password_wo": null,
            "password_wo_version": null,
            "performance_insights_enabled": false,
            "performance_insights_kms_key_id": "",
            "performance_insights_retention_period": 0,
            "port": 5432,
            "publicly_accessible": false,
            "replica_mode": "",
            "replicas": [],
            "replicate_source_db": "",
            "resource_id": "db-73IGGAZVWYL2U2ZAV6HCFD5FDU",
            "restore_to_point_in_time": [],
            "s3_import": [],
            "skip_final_snapshot": true,
            "snapshot_identifier": null,
            "status": "available",
            "storage_encrypted": true,
            "storage_throughput": 0,
            "storage_type": "gp2",
            "tags": {
              "Environment": "dev",
              "Name": "order-processor-dev-postgres-product",
              "Service": "product"
            },
            "tags_all": {
              "Environment": "dev",
              "Name": "order-processor-dev-postgres-product",
              "Service": "product"
            },
            "timeouts": null,
            "timezone": "",
            "upgrade_storage_config": null,
            "username": "orderuser",
            "vpc_security_group_ids": [
              "sg-0e70ffc17c60f81fe"
            ]
          },
          "sensitive_attributes": [
            [
              {
                "type": "get_attr",
                "value": "password"
              }
            ],
            [
              {
                "type": "get_attr",
                "value": "password_wo"
              }
            ]
          ],
          "identity_schema_version": 0,
          "private": "eyJlMmJmYjczMC1lY2FhLTExZTYtOGY4OC0zNDM2M2JjN2M0YzAiOnsiY3JlYXRlIjozMDAwMDAwMDAwMDAwLCJkZWxldGUiOjM2MDAwMDAwMDAwMDAsInVwZGF0ZSI6NDgwMDAwMDAwMDAwMH0sInNjaGVtYV92ZXJzaW9uIjoiMiJ9",
          "dependencies": [
            "aws_db_subnet_group.main",
            "aws_security_group.app",
            "aws_security_group.rds_product",
            "aws_subnet.private",
            "aws_vpc.main",
            "data.aws_availability_zones.available"
          ]
        }
      ]
    },
    {
      "mode": "managed",
      "type": "aws_db_subnet_group",
      "name": "main",
      "provider": "provider[\"registry.terraform.io/hashicorp/aws\"]",
      "instances": [
        {
          "schema_version": 0,
          "attributes": {
            "arn": "arn:aws:rds:us-west-2:940482447349:subgrp:order_processor_dev_subnet_group",
            "description": "Managed by Terraform",
            "id": "order_processor_dev_subnet_group",
            "name": "order_processor_dev_subnet_group",
            "name_prefix": "",
            "subnet_ids": [
              "subnet-0062edd24f856579d",
              "subnet-064aa89304aea69dd"
            ],
            "supported_network_types": [
              "IPV4"
            ],
            "tags": {
              "Environment": "dev",
              "Name": "order-processor-dev-private-subnet-order-processor-db"
            },
            "tags_all": {
              "Environment": "dev",
              "Name": "order-processor-dev-private-subnet-order-processor-db"
            },
            "vpc_id": "vpc-0669d3c7f94265f95"
          },
          "sensitive_attributes": [],
          "identity_schema_version": 0,
          "private": "bnVsbA==",
          "dependencies": [
            "aws_subnet.private",
            "aws_vpc.main",
            "data.aws_availability_zones.available"
          ]
        }
      ]
    },
    {
      "mode": "managed",
      "type": "aws_ecr_repository",
      "name": "api_repository",
      "provider": "provider[\"registry.terraform.io/hashicorp/aws\"]",
      "instances": [
        {
          "schema_version": 0,
          "attributes": {
            "arn": "arn:aws:ecr:us-west-2:940482447349:repository/order-processor-api",
            "encryption_configuration": [
              {
                "encryption_type": "AES256",
                "kms_key": ""
              }
            ],
            "force_delete": true,
            "id": "order-processor-api",
            "image_scanning_configuration": [
              {
                "scan_on_push": true
              }
            ],
            "image_tag_mutability": "MUTABLE",
            "name": "order-processor-api",
            "registry_id": "940482447349",
            "repository_url": "940482447349.dkr.ecr.us-west-2.amazonaws.com/order-processor-api",
            "tags": {
              "Environment": "dev",
              "Project": "CloudNativeOrderProcessor",
              "Service": "API"
            },
            "tags_all": {
              "Environment": "dev",
              "Project": "CloudNativeOrderProcessor",
              "Service": "API"
            },
            "timeouts": null
          },
          "sensitive_attributes": [],
          "identity_schema_version": 0,
          "private": "eyJlMmJmYjczMC1lY2FhLTExZTYtOGY4OC0zNDM2M2JjN2M0YzAiOnsiZGVsZXRlIjoxMjAwMDAwMDAwMDAwfX0="
        }
      ]
    },
    {
      "mode": "managed",
      "type": "aws_ecr_repository",
      "name": "frontend_repository",
      "provider": "provider[\"registry.terraform.io/hashicorp/aws\"]",
      "instances": [
        {
          "schema_version": 0,
          "attributes": {
            "arn": "arn:aws:ecr:us-west-2:940482447349:repository/order-processor-frontend",
            "encryption_configuration": [
              {
                "encryption_type": "AES256",
                "kms_key": ""
              }
            ],
            "force_delete": true,
            "id": "order-processor-frontend",
            "image_scanning_configuration": [
              {
                "scan_on_push": true
              }
            ],
            "image_tag_mutability": "MUTABLE",
            "name": "order-processor-frontend",
            "registry_id": "940482447349",
            "repository_url": "940482447349.dkr.ecr.us-west-2.amazonaws.com/order-processor-frontend",
            "tags": {
              "Environment": "dev",
              "Project": "CloudNativeOrderProcessor",
              "Service": "Frontend"
            },
            "tags_all": {
              "Environment": "dev",
              "Project": "CloudNativeOrderProcessor",
              "Service": "Frontend"
            },
            "timeouts": null
          },
          "sensitive_attributes": [],
          "identity_schema_version": 0,
          "private": "eyJlMmJmYjczMC1lY2FhLTExZTYtOGY4OC0zNDM2M2JjN2M0YzAiOnsiZGVsZXRlIjoxMjAwMDAwMDAwMDAwfX0="
        }
      ]
    },
    {
      "mode": "managed",
      "type": "aws_iam_role",
      "name": "lambda_role",
      "provider": "provider[\"registry.terraform.io/hashicorp/aws\"]",
      "instances": [
        {
          "schema_version": 0,
          "attributes": {
            "arn": "arn:aws:iam::940482447349:role/order-processor-dev-lambda-role",
            "assume_role_policy": "{\"Statement\":[{\"Action\":\"sts:AssumeRole\",\"Effect\":\"Allow\",\"Principal\":{\"Service\":\"lambda.amazonaws.com\"}}],\"Version\":\"2012-10-17\"}",
            "create_date": "2025-06-05T22:49:55Z",
            "description": "",
            "force_detach_policies": false,
            "id": "order-processor-dev-lambda-role",
            "inline_policy": [
              {
                "name": "order-processor-dev-lambda-policy",
                "policy": "{\"Version\":\"2012-10-17\",\"Statement\":[{\"Action\":[\"logs:CreateLogGroup\",\"logs:CreateLogStream\",\"logs:PutLogEvents\"],\"Effect\":\"Allow\",\"Resource\":\"arn:aws:logs:*:*:*\"},{\"Action\":[\"ec2:CreateNetworkInterface\",\"ec2:DescribeNetworkInterfaces\",\"ec2:DeleteNetworkInterface\",\"ec2:AttachNetworkInterface\",\"ec2:DetachNetworkInterface\"],\"Effect\":\"Allow\",\"Resource\":\"*\"},{\"Action\":[\"sqs:SendMessage\",\"sqs:ReceiveMessage\",\"sqs:DeleteMessage\",\"sqs:GetQueueAttributes\"],\"Effect\":\"Allow\",\"Resource\":[\"arn:aws:sqs:us-west-2:940482447349:order-processor-dev-order-processing\",\"arn:aws:sqs:us-west-2:940482447349:order-processor-dev-inventory-updates\",\"arn:aws:sqs:us-west-2:940482447349:order-processor-dev-notifications\"]},{\"Action\":[\"sns:Publish\"],\"Effect\":\"Allow\",\"Resource\":[\"arn:aws:sns:us-west-2:940482447349:order-processor-dev-order-notifications\"]}]}"
              }
            ],
            "managed_policy_arns": [
              "arn:aws:iam::aws:policy/service-role/AWSLambdaVPCAccessExecutionRole"
            ],
            "max_session_duration": 3600,
            "name": "order-processor-dev-lambda-role",
            "name_prefix": "",
            "path": "/",
            "permissions_boundary": "",
            "tags": {
              "Environment": "dev",
              "Name": "order-processor-dev-lambda-role"
            },
            "tags_all": {
              "Environment": "dev",
              "Name": "order-processor-dev-lambda-role"
            },
            "unique_id": "AROA5V6I7I722R7ML33J7"
          },
          "sensitive_attributes": [],
          "identity_schema_version": 0,
          "private": "bnVsbA=="
        }
      ]
    },
    {
      "mode": "managed",
      "type": "aws_iam_role_policy",
      "name": "lambda_policy",
      "provider": "provider[\"registry.terraform.io/hashicorp/aws\"]",
      "instances": [
        {
          "schema_version": 0,
          "attributes": {
            "id": "order-processor-dev-lambda-role:order-processor-dev-lambda-policy",
            "name": "order-processor-dev-lambda-policy",
            "name_prefix": "",
            "policy": "{\"Version\":\"2012-10-17\",\"Statement\":[{\"Action\":[\"logs:CreateLogGroup\",\"logs:CreateLogStream\",\"logs:PutLogEvents\"],\"Effect\":\"Allow\",\"Resource\":\"arn:aws:logs:*:*:*\"},{\"Action\":[\"ec2:CreateNetworkInterface\",\"ec2:DescribeNetworkInterfaces\",\"ec2:DeleteNetworkInterface\",\"ec2:AttachNetworkInterface\",\"ec2:DetachNetworkInterface\"],\"Effect\":\"Allow\",\"Resource\":\"*\"},{\"Action\":[\"sqs:SendMessage\",\"sqs:ReceiveMessage\",\"sqs:DeleteMessage\",\"sqs:GetQueueAttributes\"],\"Effect\":\"Allow\",\"Resource\":[\"arn:aws:sqs:us-west-2:940482447349:order-processor-dev-order-processing\",\"arn:aws:sqs:us-west-2:940482447349:order-processor-dev-inventory-updates\",\"arn:aws:sqs:us-west-2:940482447349:order-processor-dev-notifications\"]},{\"Action\":[\"sns:Publish\"],\"Effect\":\"Allow\",\"Resource\":[\"arn:aws:sns:us-west-2:940482447349:order-processor-dev-order-notifications\"]}]}",
            "role": "order-processor-dev-lambda-role"
          },
          "sensitive_attributes": [],
          "identity_schema_version": 0,
          "private": "bnVsbA==",
          "dependencies": [
            "aws_iam_role.lambda_role",
            "aws_sns_topic.order_notifications",
            "aws_sqs_queue.inventory_updates",
            "aws_sqs_queue.notifications",
            "aws_sqs_queue.order_processing"
          ]
        }
      ]
    },
    {
      "mode": "managed",
      "type": "aws_iam_role_policy_attachment",
      "name": "lambda_vpc_execution",
      "provider": "provider[\"registry.terraform.io/hashicorp/aws\"]",
      "instances": [
        {
          "schema_version": 0,
          "attributes": {
            "id": "order-processor-dev-lambda-role-20250605224955523900000001",
            "policy_arn": "arn:aws:iam::aws:policy/service-role/AWSLambdaVPCAccessExecutionRole",
            "role": "order-processor-dev-lambda-role"
          },
          "sensitive_attributes": [],
          "identity_schema_version": 0,
          "private": "bnVsbA==",
          "dependencies": [
            "aws_iam_role.lambda_role"
          ]
        }
      ]
    },
    {
      "mode": "managed",
      "type": "aws_internet_gateway",
      "name": "main",
      "provider": "provider[\"registry.terraform.io/hashicorp/aws\"]",
      "instances": [
        {
          "schema_version": 0,
          "attributes": {
            "arn": "arn:aws:ec2:us-west-2:940482447349:internet-gateway/igw-09a78cc6b4eab5251",
            "id": "igw-09a78cc6b4eab5251",
            "owner_id": "940482447349",
            "tags": {
              "Environment": "dev",
              "Name": "order-processor-dev-igw"
            },
            "tags_all": {
              "Environment": "dev",
              "Name": "order-processor-dev-igw"
            },
            "timeouts": null,
            "vpc_id": "vpc-0669d3c7f94265f95"
          },
          "sensitive_attributes": [],
          "identity_schema_version": 0,
          "private": "eyJlMmJmYjczMC1lY2FhLTExZTYtOGY4OC0zNDM2M2JjN2M0YzAiOnsiY3JlYXRlIjoxMjAwMDAwMDAwMDAwLCJkZWxldGUiOjEyMDAwMDAwMDAwMDAsInVwZGF0ZSI6MTIwMDAwMDAwMDAwMH19",
          "dependencies": [
            "aws_vpc.main"
          ]
        }
      ]
    },
    {
      "mode": "managed",
      "type": "aws_lambda_event_source_mapping",
      "name": "inventory_trigger",
      "provider": "provider[\"registry.terraform.io/hashicorp/aws\"]",
      "instances": [
        {
          "schema_version": 0,
          "attributes": {
            "amazon_managed_kafka_event_source_config": [],
            "arn": "arn:aws:lambda:us-west-2:940482447349:event-source-mapping:6a8c5b64-8ba5-4007-b859-9b18cce0fab1",
            "batch_size": 10,
            "bisect_batch_on_function_error": false,
            "destination_config": [],
            "document_db_event_source_config": [],
            "enabled": true,
            "event_source_arn": "arn:aws:sqs:us-west-2:940482447349:order-processor-dev-inventory-updates",
            "filter_criteria": [],
            "function_arn": "arn:aws:lambda:us-west-2:940482447349:function:order-processor-dev-inventory-manager",
            "function_name": "arn:aws:lambda:us-west-2:940482447349:function:order-processor-dev-inventory-manager",
            "function_response_types": [],
            "id": "6a8c5b64-8ba5-4007-b859-9b18cce0fab1",
            "kms_key_arn": "",
            "last_modified": "2025-06-05T22:56:34Z",
            "last_processing_result": "",
            "maximum_batching_window_in_seconds": 0,
            "maximum_record_age_in_seconds": 0,
            "maximum_retry_attempts": 0,
            "metrics_config": [],
            "parallelization_factor": 0,
            "provisioned_poller_config": [],
            "queues": [],
            "scaling_config": [],
            "self_managed_event_source": [],
            "self_managed_kafka_event_source_config": [],
            "source_access_configuration": [],
            "starting_position": "",
            "starting_position_timestamp": "",
            "state": "Enabled",
            "state_transition_reason": "USER_INITIATED",
            "tags": {},
            "tags_all": {},
            "topics": [],
            "tumbling_window_in_seconds": 0,
            "uuid": "6a8c5b64-8ba5-4007-b859-9b18cce0fab1"
          },
          "sensitive_attributes": [],
          "identity_schema_version": 0,
          "private": "bnVsbA==",
          "dependencies": [
            "aws_db_instance.postgres_inventory",
            "aws_db_instance.postgres_product",
            "aws_db_subnet_group.main",
            "aws_iam_role.lambda_role",
            "aws_iam_role_policy_attachment.lambda_vpc_execution",
            "aws_lambda_function.inventory_manager",
            "aws_security_group.app",
            "aws_security_group.lambda",
            "aws_security_group.rds_inventory",
            "aws_security_group.rds_product",
            "aws_sqs_queue.inventory_updates",
            "aws_subnet.private",
            "aws_vpc.main",
            "data.aws_availability_zones.available"
          ]
        }
      ]
    },
    {
      "mode": "managed",
      "type": "aws_lambda_event_source_mapping",
      "name": "notification_trigger",
      "provider": "provider[\"registry.terraform.io/hashicorp/aws\"]",
      "instances": [
        {
          "schema_version": 0,
          "attributes": {
            "amazon_managed_kafka_event_source_config": [],
            "arn": "arn:aws:lambda:us-west-2:940482447349:event-source-mapping:03232dc1-5fdd-4056-9ee4-b27798c5f6ad",
            "batch_size": 10,
            "bisect_batch_on_function_error": false,
            "destination_config": [],
            "document_db_event_source_config": [],
            "enabled": true,
            "event_source_arn": "arn:aws:sqs:us-west-2:940482447349:order-processor-dev-notifications",
            "filter_criteria": [],
            "function_arn": "arn:aws:lambda:us-west-2:940482447349:function:order-processor-dev-notification-handler",
            "function_name": "arn:aws:lambda:us-west-2:940482447349:function:order-processor-dev-notification-handler",
            "function_response_types": [],
            "id": "03232dc1-5fdd-4056-9ee4-b27798c5f6ad",
            "kms_key_arn": "",
            "last_modified": "2025-06-05T22:53:21Z",
            "last_processing_result": "",
            "maximum_batching_window_in_seconds": 0,
            "maximum_record_age_in_seconds": 0,
            "maximum_retry_attempts": 0,
            "metrics_config": [],
            "parallelization_factor": 0,
            "provisioned_poller_config": [],
            "queues": [],
            "scaling_config": [],
            "self_managed_event_source": [],
            "self_managed_kafka_event_source_config": [],
            "source_access_configuration": [],
            "starting_position": "",
            "starting_position_timestamp": "",
            "state": "Enabled",
            "state_transition_reason": "USER_INITIATED",
            "tags": {},
            "tags_all": {},
            "topics": [],
            "tumbling_window_in_seconds": 0,
            "uuid": "03232dc1-5fdd-4056-9ee4-b27798c5f6ad"
          },
          "sensitive_attributes": [],
          "identity_schema_version": 0,
          "private": "bnVsbA==",
          "dependencies": [
            "aws_iam_role.lambda_role",
            "aws_iam_role_policy_attachment.lambda_vpc_execution",
            "aws_lambda_function.notification_handler",
            "aws_security_group.lambda",
            "aws_sns_topic.order_notifications",
            "aws_sqs_queue.notifications",
            "aws_subnet.private",
            "aws_vpc.main",
            "data.aws_availability_zones.available"
          ]
        }
      ]
    },
    {
      "mode": "managed",
      "type": "aws_lambda_event_source_mapping",
      "name": "order_processing_trigger",
      "provider": "provider[\"registry.terraform.io/hashicorp/aws\"]",
      "instances": [
        {
          "schema_version": 0,
          "attributes": {
            "amazon_managed_kafka_event_source_config": [],
            "arn": "arn:aws:lambda:us-west-2:940482447349:event-source-mapping:277bfa22-ac7f-4b5c-a528-f2722cfd608b",
            "batch_size": 5,
            "bisect_batch_on_function_error": false,
            "destination_config": [],
            "document_db_event_source_config": [],
            "enabled": true,
            "event_source_arn": "arn:aws:sqs:us-west-2:940482447349:order-processor-dev-order-processing",
            "filter_criteria": [],
            "function_arn": "arn:aws:lambda:us-west-2:940482447349:function:order-processor-dev-order-processor",
            "function_name": "arn:aws:lambda:us-west-2:940482447349:function:order-processor-dev-order-processor",
            "function_response_types": [],
            "id": "277bfa22-ac7f-4b5c-a528-f2722cfd608b",
            "kms_key_arn": "",
            "last_modified": "2025-06-05T22:56:13Z",
            "last_processing_result": "",
            "maximum_batching_window_in_seconds": 0,
            "maximum_record_age_in_seconds": 0,
            "maximum_retry_attempts": 0,
            "metrics_config": [],
            "parallelization_factor": 0,
            "provisioned_poller_config": [],
            "queues": [],
            "scaling_config": [],
            "self_managed_event_source": [],
            "self_managed_kafka_event_source_config": [],
            "source_access_configuration": [],
            "starting_position": "",
            "starting_position_timestamp": "",
            "state": "Enabled",
            "state_transition_reason": "USER_INITIATED",
            "tags": {},
            "tags_all": {},
            "topics": [],
            "tumbling_window_in_seconds": 0,
            "uuid": "277bfa22-ac7f-4b5c-a528-f2722cfd608b"
          },
          "sensitive_attributes": [],
          "identity_schema_version": 0,
          "private": "bnVsbA==",
          "dependencies": [
            "aws_db_instance.postgres_order",
            "aws_db_subnet_group.main",
            "aws_iam_role.lambda_role",
            "aws_iam_role_policy_attachment.lambda_vpc_execution",
            "aws_lambda_function.order_processor",
            "aws_security_group.app",
            "aws_security_group.lambda",
            "aws_security_group.rds_order",
            "aws_sns_topic.order_notifications",
            "aws_sqs_queue.inventory_updates",
            "aws_sqs_queue.order_processing",
            "aws_subnet.private",
            "aws_vpc.main",
            "data.aws_availability_zones.available"
          ]
        }
      ]
    },
    {
      "mode": "managed",
      "type": "aws_lambda_function",
      "name": "inventory_manager",
      "provider": "provider[\"registry.terraform.io/hashicorp/aws\"]",
      "instances": [
        {
          "schema_version": 0,
          "attributes": {
            "architectures": [
              "x86_64"
            ],
            "arn": "arn:aws:lambda:us-west-2:940482447349:function:order-processor-dev-inventory-manager",
            "code_sha256": "ovoR0TyG4S3cdz0QoaJRjQP5YlvsjvAM65E0cF4vo0s=",
            "code_signing_config_arn": "",
            "dead_letter_config": [],
            "description": "",
            "environment": [
              {
                "variables": {
                  "INVENTORY_DB_HOST": "order-processor-dev-postgres-inventory.c14o880imgxe.us-west-2.rds.amazonaws.com",
                  "INVENTORY_DB_NAME": "inventorydb",
                  "INVENTORY_DB_PASSWORD": "dummypassword",
                  "INVENTORY_DB_PORT": "5432",
                  "INVENTORY_DB_USER": "orderuser",
                  "PRODUCT_DB_HOST": "order-processor-dev-postgres-product.c14o880imgxe.us-west-2.rds.amazonaws.com",
                  "PRODUCT_DB_NAME": "productdb",
                  "PRODUCT_DB_PASSWORD": "dummypassword",
                  "PRODUCT_DB_PORT": "5432",
                  "PRODUCT_DB_USER": "orderuser"
                }
              }
            ],
            "ephemeral_storage": [
              {
                "size": 512
              }
            ],
            "file_system_config": [],
            "filename": "../services/inventory_manager.zip",
            "function_name": "order-processor-dev-inventory-manager",
            "handler": "dummy_inventory_manager",
            "id": "order-processor-dev-inventory-manager",
            "image_config": [],
            "image_uri": "",
            "invoke_arn": "arn:aws:apigateway:us-west-2:lambda:path/2015-03-31/functions/arn:aws:lambda:us-west-2:940482447349:function:order-processor-dev-inventory-manager/invocations",
            "kms_key_arn": "",
            "last_modified": "2025-06-05T22:56:28.144+0000",
            "layers": [],
            "logging_config": [
              {
                "application_log_level": "",
                "log_format": "Text",
                "log_group": "/aws/lambda/order-processor-dev-inventory-manager",
                "system_log_level": ""
              }
            ],
            "memory_size": 128,
            "package_type": "Zip",
            "publish": false,
            "qualified_arn": "arn:aws:lambda:us-west-2:940482447349:function:order-processor-dev-inventory-manager:$LATEST",
            "qualified_invoke_arn": "arn:aws:apigateway:us-west-2:lambda:path/2015-03-31/functions/arn:aws:lambda:us-west-2:940482447349:function:order-processor-dev-inventory-manager:$LATEST/invocations",
            "replace_security_groups_on_destroy": null,
            "replacement_security_group_ids": null,
            "reserved_concurrent_executions": -1,
            "role": "arn:aws:iam::940482447349:role/order-processor-dev-lambda-role",
            "runtime": "python3.11",
            "s3_bucket": null,
            "s3_key": null,
            "s3_object_version": null,
            "signing_job_arn": "",
            "signing_profile_version_arn": "",
            "skip_destroy": false,
            "snap_start": [],
            "source_code_hash": "",
            "source_code_size": 253,
            "tags": {
              "Environment": "dev",
              "Name": "order-processor-dev-inventory-manager"
            },
            "tags_all": {
              "Environment": "dev",
              "Name": "order-processor-dev-inventory-manager"
            },
            "timeout": 30,
            "timeouts": null,
            "tracing_config": [
              {
                "mode": "PassThrough"
              }
            ],
            "version": "$LATEST",
            "vpc_config": [
              {
                "ipv6_allowed_for_dual_stack": false,
                "security_group_ids": [
                  "sg-0823eb57f7c9018e5"
                ],
                "subnet_ids": [
                  "subnet-0062edd24f856579d",
                  "subnet-064aa89304aea69dd"
                ],
                "vpc_id": "vpc-0669d3c7f94265f95"
              }
            ]
          },
          "sensitive_attributes": [
            [
              {
                "type": "get_attr",
                "value": "environment"
              },
              {
                "type": "index",
                "value": {
                  "value": 0,
                  "type": "number"
                }
              },
              {
                "type": "get_attr",
                "value": "variables"
              },
              {
                "type": "index",
                "value": {
                  "value": "INVENTORY_DB_PASSWORD",
                  "type": "string"
                }
              }
            ],
            [
              {
                "type": "get_attr",
                "value": "environment"
              },
              {
                "type": "index",
                "value": {
                  "value": 0,
                  "type": "number"
                }
              },
              {
                "type": "get_attr",
                "value": "variables"
              },
              {
                "type": "index",
                "value": {
                  "value": "PRODUCT_DB_PASSWORD",
                  "type": "string"
                }
              }
            ]
          ],
          "identity_schema_version": 0,
          "private": "eyJlMmJmYjczMC1lY2FhLTExZTYtOGY4OC0zNDM2M2JjN2M0YzAiOnsiY3JlYXRlIjo2MDAwMDAwMDAwMDAsImRlbGV0ZSI6NjAwMDAwMDAwMDAwLCJ1cGRhdGUiOjYwMDAwMDAwMDAwMH19",
          "dependencies": [
            "aws_db_instance.postgres_inventory",
            "aws_db_instance.postgres_product",
            "aws_db_subnet_group.main",
            "aws_iam_role.lambda_role",
            "aws_iam_role_policy_attachment.lambda_vpc_execution",
            "aws_security_group.app",
            "aws_security_group.lambda",
            "aws_security_group.rds_inventory",
            "aws_security_group.rds_product",
            "aws_subnet.private",
            "aws_vpc.main",
            "data.aws_availability_zones.available"
          ]
        }
      ]
    },
    {
      "mode": "managed",
      "type": "aws_lambda_function",
      "name": "notification_handler",
      "provider": "provider[\"registry.terraform.io/hashicorp/aws\"]",
      "instances": [
        {
          "schema_version": 0,
          "attributes": {
            "architectures": [
              "x86_64"
            ],
            "arn": "arn:aws:lambda:us-west-2:940482447349:function:order-processor-dev-notification-handler",
            "code_sha256": "Xj/McE2wrVeQxEovLVej7dMO5haRhEQPxOR0Qm7FJvQ=",
            "code_signing_config_arn": "",
            "dead_letter_config": [],
            "description": "",
            "environment": [
              {
                "variables": {
                  "SNS_TOPIC_ARN": "arn:aws:sns:us-west-2:940482447349:order-processor-dev-order-notifications"
                }
              }
            ],
            "ephemeral_storage": [
              {
                "size": 512
              }
            ],
            "file_system_config": [],
            "filename": "../services/notification_handler.zip",
            "function_name": "order-processor-dev-notification-handler",
            "handler": "notification_handler.py",
            "id": "order-processor-dev-notification-handler",
            "image_config": [],
            "image_uri": "",
            "invoke_arn": "arn:aws:apigateway:us-west-2:lambda:path/2015-03-31/functions/arn:aws:lambda:us-west-2:940482447349:function:order-processor-dev-notification-handler/invocations",
            "kms_key_arn": "",
            "last_modified": "2025-06-05T22:50:09.676+0000",
            "layers": [],
            "logging_config": [
              {
                "application_log_level": "",
                "log_format": "Text",
                "log_group": "/aws/lambda/order-processor-dev-notification-handler",
                "system_log_level": ""
              }
            ],
            "memory_size": 128,
            "package_type": "Zip",
            "publish": false,
            "qualified_arn": "arn:aws:lambda:us-west-2:940482447349:function:order-processor-dev-notification-handler:$LATEST",
            "qualified_invoke_arn": "arn:aws:apigateway:us-west-2:lambda:path/2015-03-31/functions/arn:aws:lambda:us-west-2:940482447349:function:order-processor-dev-notification-handler:$LATEST/invocations",
            "replace_security_groups_on_destroy": null,
            "replacement_security_group_ids": null,
            "reserved_concurrent_executions": -1,
            "role": "arn:aws:iam::940482447349:role/order-processor-dev-lambda-role",
            "runtime": "python3.11",
            "s3_bucket": null,
            "s3_key": null,
            "s3_object_version": null,
            "signing_job_arn": "",
            "signing_profile_version_arn": "",
            "skip_destroy": false,
            "snap_start": [],
            "source_code_hash": "",
            "source_code_size": 414,
            "tags": {
              "Environment": "dev",
              "Name": "order-processor-dev-notification-handler"
            },
            "tags_all": {
              "Environment": "dev",
              "Name": "order-processor-dev-notification-handler"
            },
            "timeout": 30,
            "timeouts": null,
            "tracing_config": [
              {
                "mode": "PassThrough"
              }
            ],
            "version": "$LATEST",
            "vpc_config": [
              {
                "ipv6_allowed_for_dual_stack": false,
                "security_group_ids": [
                  "sg-0823eb57f7c9018e5"
                ],
                "subnet_ids": [
                  "subnet-0062edd24f856579d",
                  "subnet-064aa89304aea69dd"
                ],
                "vpc_id": "vpc-0669d3c7f94265f95"
              }
            ]
          },
          "sensitive_attributes": [],
          "identity_schema_version": 0,
          "private": "eyJlMmJmYjczMC1lY2FhLTExZTYtOGY4OC0zNDM2M2JjN2M0YzAiOnsiY3JlYXRlIjo2MDAwMDAwMDAwMDAsImRlbGV0ZSI6NjAwMDAwMDAwMDAwLCJ1cGRhdGUiOjYwMDAwMDAwMDAwMH19",
          "dependencies": [
            "aws_iam_role.lambda_role",
            "aws_iam_role_policy_attachment.lambda_vpc_execution",
            "aws_security_group.lambda",
            "aws_sns_topic.order_notifications",
            "aws_subnet.private",
            "aws_vpc.main",
            "data.aws_availability_zones.available"
          ]
        }
      ]
    },
    {
      "mode": "managed",
      "type": "aws_lambda_function",
      "name": "order_processor",
      "provider": "provider[\"registry.terraform.io/hashicorp/aws\"]",
      "instances": [
        {
          "schema_version": 0,
          "attributes": {
            "architectures": [
              "x86_64"
            ],
            "arn": "arn:aws:lambda:us-west-2:940482447349:function:order-processor-dev-order-processor",
            "code_sha256": "gp+/0x7Hevb4FaRaWOmCuhHfcauNn9SWWUZCwEk9wqM=",
            "code_signing_config_arn": "",
            "dead_letter_config": [],
            "description": "",
            "environment": [
              {
                "variables": {
                  "INVENTORY_QUEUE_URL": "https://sqs.us-west-2.amazonaws.com/940482447349/order-processor-dev-inventory-updates",
                  "ORDER_DB_HOST": "order-processor-dev-postgres-order.c14o880imgxe.us-west-2.rds.amazonaws.com",
                  "ORDER_DB_NAME": "orderdb",
                  "ORDER_DB_PASSWORD": "dummypassword",
                  "ORDER_DB_PORT": "5432",
                  "ORDER_DB_USER": "orderuser",
                  "SNS_TOPIC_ARN": "arn:aws:sns:us-west-2:940482447349:order-processor-dev-order-notifications"
                }
              }
            ],
            "ephemeral_storage": [
              {
                "size": 512
              }
            ],
            "file_system_config": [],
            "filename": "../services/order_processor.zip",
            "function_name": "order-processor-dev-order-processor",
            "handler": "dummy_order_processor",
            "id": "order-processor-dev-order-processor",
            "image_config": [],
            "image_uri": "",
            "invoke_arn": "arn:aws:apigateway:us-west-2:lambda:path/2015-03-31/functions/arn:aws:lambda:us-west-2:940482447349:function:order-processor-dev-order-processor/invocations",
            "kms_key_arn": "",
            "last_modified": "2025-06-05T22:56:07.186+0000",
            "layers": [],
            "logging_config": [
              {
                "application_log_level": "",
                "log_format": "Text",
                "log_group": "/aws/lambda/order-processor-dev-order-processor",
                "system_log_level": ""
              }
            ],
            "memory_size": 128,
            "package_type": "Zip",
            "publish": false,
            "qualified_arn": "arn:aws:lambda:us-west-2:940482447349:function:order-processor-dev-order-processor:$LATEST",
            "qualified_invoke_arn": "arn:aws:apigateway:us-west-2:lambda:path/2015-03-31/functions/arn:aws:lambda:us-west-2:940482447349:function:order-processor-dev-order-processor:$LATEST/invocations",
            "replace_security_groups_on_destroy": null,
            "replacement_security_group_ids": null,
            "reserved_concurrent_executions": -1,
            "role": "arn:aws:iam::940482447349:role/order-processor-dev-lambda-role",
            "runtime": "python3.11",
            "s3_bucket": null,
            "s3_key": null,
            "s3_object_version": null,
            "signing_job_arn": "",
            "signing_profile_version_arn": "",
            "skip_destroy": false,
            "snap_start": [],
            "source_code_hash": "",
            "source_code_size": 246,
            "tags": {
              "Environment": "dev",
              "Name": "order-processor-dev-order-processor"
            },
            "tags_all": {
              "Environment": "dev",
              "Name": "order-processor-dev-order-processor"
            },
            "timeout": 30,
            "timeouts": null,
            "tracing_config": [
              {
                "mode": "PassThrough"
              }
            ],
            "version": "$LATEST",
            "vpc_config": [
              {
                "ipv6_allowed_for_dual_stack": false,
                "security_group_ids": [
                  "sg-0823eb57f7c9018e5"
                ],
                "subnet_ids": [
                  "subnet-0062edd24f856579d",
                  "subnet-064aa89304aea69dd"
                ],
                "vpc_id": "vpc-0669d3c7f94265f95"
              }
            ]
          },
          "sensitive_attributes": [
            [
              {
                "type": "get_attr",
                "value": "environment"
              },
              {
                "type": "index",
                "value": {
                  "value": 0,
                  "type": "number"
                }
              },
              {
                "type": "get_attr",
                "value": "variables"
              },
              {
                "type": "index",
                "value": {
                  "value": "ORDER_DB_PASSWORD",
                  "type": "string"
                }
              }
            ]
          ],
          "identity_schema_version": 0,
          "private": "eyJlMmJmYjczMC1lY2FhLTExZTYtOGY4OC0zNDM2M2JjN2M0YzAiOnsiY3JlYXRlIjo2MDAwMDAwMDAwMDAsImRlbGV0ZSI6NjAwMDAwMDAwMDAwLCJ1cGRhdGUiOjYwMDAwMDAwMDAwMH19",
          "dependencies": [
            "aws_db_instance.postgres_order",
            "aws_db_subnet_group.main",
            "aws_iam_role.lambda_role",
            "aws_iam_role_policy_attachment.lambda_vpc_execution",
            "aws_security_group.app",
            "aws_security_group.lambda",
            "aws_security_group.rds_order",
            "aws_sns_topic.order_notifications",
            "aws_sqs_queue.inventory_updates",
            "aws_subnet.private",
            "aws_vpc.main",
            "data.aws_availability_zones.available"
          ]
        }
      ]
    },
    {
      "mode": "managed",
      "type": "aws_route_table",
      "name": "public",
      "provider": "provider[\"registry.terraform.io/hashicorp/aws\"]",
      "instances": [
        {
          "schema_version": 0,
          "attributes": {
            "arn": "arn:aws:ec2:us-west-2:940482447349:route-table/rtb-050d3380cdde16e1c",
            "id": "rtb-050d3380cdde16e1c",
            "owner_id": "940482447349",
            "propagating_vgws": [],
            "route": [
              {
                "carrier_gateway_id": "",
                "cidr_block": "0.0.0.0/0",
                "core_network_arn": "",
                "destination_prefix_list_id": "",
                "egress_only_gateway_id": "",
                "gateway_id": "igw-09a78cc6b4eab5251",
                "ipv6_cidr_block": "",
                "local_gateway_id": "",
                "nat_gateway_id": "",
                "network_interface_id": "",
                "transit_gateway_id": "",
                "vpc_endpoint_id": "",
                "vpc_peering_connection_id": ""
              }
            ],
            "tags": {
              "Environment": "dev",
              "Name": "order-processor-dev-public-rt"
            },
            "tags_all": {
              "Environment": "dev",
              "Name": "order-processor-dev-public-rt"
            },
            "timeouts": null,
            "vpc_id": "vpc-0669d3c7f94265f95"
          },
          "sensitive_attributes": [],
          "identity_schema_version": 0,
          "private": "eyJlMmJmYjczMC1lY2FhLTExZTYtOGY4OC0zNDM2M2JjN2M0YzAiOnsiY3JlYXRlIjozMDAwMDAwMDAwMDAsImRlbGV0ZSI6MzAwMDAwMDAwMDAwLCJ1cGRhdGUiOjEyMDAwMDAwMDAwMH19",
          "dependencies": [
            "aws_internet_gateway.main",
            "aws_vpc.main"
          ]
        }
      ]
    },
    {
      "mode": "managed",
      "type": "aws_route_table_association",
      "name": "public",
      "provider": "provider[\"registry.terraform.io/hashicorp/aws\"]",
      "instances": [
        {
          "index_key": 0,
          "schema_version": 0,
          "attributes": {
            "gateway_id": "",
            "id": "rtbassoc-0043236755728ce52",
            "route_table_id": "rtb-050d3380cdde16e1c",
            "subnet_id": "subnet-0199867988c586d8e",
            "timeouts": null
          },
          "sensitive_attributes": [],
          "identity_schema_version": 0,
          "private": "eyJlMmJmYjczMC1lY2FhLTExZTYtOGY4OC0zNDM2M2JjN2M0YzAiOnsiY3JlYXRlIjozMDAwMDAwMDAwMDAsImRlbGV0ZSI6MzAwMDAwMDAwMDAwLCJ1cGRhdGUiOjEyMDAwMDAwMDAwMH19",
          "dependencies": [
            "aws_internet_gateway.main",
            "aws_route_table.public",
            "aws_subnet.public",
            "aws_vpc.main",
            "data.aws_availability_zones.available"
          ]
        },
        {
          "index_key": 1,
          "schema_version": 0,
          "attributes": {
            "gateway_id": "",
            "id": "rtbassoc-08cc564cff341a7f1",
            "route_table_id": "rtb-050d3380cdde16e1c",
            "subnet_id": "subnet-092cb7f7574cbdcbb",
            "timeouts": null
          },
          "sensitive_attributes": [],
          "identity_schema_version": 0,
          "private": "eyJlMmJmYjczMC1lY2FhLTExZTYtOGY4OC0zNDM2M2JjN2M0YzAiOnsiY3JlYXRlIjozMDAwMDAwMDAwMDAsImRlbGV0ZSI6MzAwMDAwMDAwMDAwLCJ1cGRhdGUiOjEyMDAwMDAwMDAwMH19",
          "dependencies": [
            "aws_internet_gateway.main",
            "aws_route_table.public",
            "aws_subnet.public",
            "aws_vpc.main",
            "data.aws_availability_zones.available"
          ]
        }
      ]
    },
    {
      "mode": "managed",
      "type": "aws_security_group",
      "name": "app",
      "provider": "provider[\"registry.terraform.io/hashicorp/aws\"]",
      "instances": [
        {
          "schema_version": 1,
          "attributes": {
            "arn": "arn:aws:ec2:us-west-2:940482447349:security-group/sg-04f19ab61ac0d7c59",
            "description": "Managed by Terraform",
            "egress": [
              {
                "cidr_blocks": [
                  "0.0.0.0/0"
                ],
                "description": "",
                "from_port": 0,
                "ipv6_cidr_blocks": [],
                "prefix_list_ids": [],
                "protocol": "-1",
                "security_groups": [],
                "self": false,
                "to_port": 0
              }
            ],
            "id": "sg-04f19ab61ac0d7c59",
            "ingress": [
              {
                "cidr_blocks": [
                  "0.0.0.0/0"
                ],
                "description": "",
                "from_port": 443,
                "ipv6_cidr_blocks": [],
                "prefix_list_ids": [],
                "protocol": "tcp",
                "security_groups": [],
                "self": false,
                "to_port": 443
              },
              {
                "cidr_blocks": [
                  "0.0.0.0/0"
                ],
                "description": "",
                "from_port": 80,
                "ipv6_cidr_blocks": [],
                "prefix_list_ids": [],
                "protocol": "tcp",
                "security_groups": [],
                "self": false,
                "to_port": 80
              },
              {
                "cidr_blocks": [
                  "10.0.0.0/16"
                ],
                "description": "",
                "from_port": 8080,
                "ipv6_cidr_blocks": [],
                "prefix_list_ids": [],
                "protocol": "tcp",
                "security_groups": [],
                "self": false,
                "to_port": 8080
              }
            ],
            "name": "order-processor-dev-app-20250605225006304400000003",
            "name_prefix": "order-processor-dev-app-",
            "owner_id": "940482447349",
            "revoke_rules_on_delete": false,
            "tags": {
              "Environment": "dev",
              "Name": "order-processor-dev-app-sg"
            },
            "tags_all": {
              "Environment": "dev",
              "Name": "order-processor-dev-app-sg"
            },
            "timeouts": null,
            "vpc_id": "vpc-0669d3c7f94265f95"
          },
          "sensitive_attributes": [],
          "identity_schema_version": 0,
          "private": "eyJlMmJmYjczMC1lY2FhLTExZTYtOGY4OC0zNDM2M2JjN2M0YzAiOnsiY3JlYXRlIjo2MDAwMDAwMDAwMDAsImRlbGV0ZSI6OTAwMDAwMDAwMDAwfSwic2NoZW1hX3ZlcnNpb24iOiIxIn0=",
          "dependencies": [
            "aws_vpc.main"
          ]
        }
      ]
    },
    {
      "mode": "managed",
      "type": "aws_security_group",
      "name": "lambda",
      "provider": "provider[\"registry.terraform.io/hashicorp/aws\"]",
      "instances": [
        {
          "schema_version": 1,
          "attributes": {
            "arn": "arn:aws:ec2:us-west-2:940482447349:security-group/sg-0823eb57f7c9018e5",
            "description": "Managed by Terraform",
            "egress": [
              {
                "cidr_blocks": [
                  "0.0.0.0/0"
                ],
                "description": "",
                "from_port": 443,
                "ipv6_cidr_blocks": [],
                "prefix_list_ids": [],
                "protocol": "tcp",
                "security_groups": [],
                "self": false,
                "to_port": 443
              },
              {
                "cidr_blocks": [
                  "0.0.0.0/0"
                ],
                "description": "",
                "from_port": 80,
                "ipv6_cidr_blocks": [],
                "prefix_list_ids": [],
                "protocol": "tcp",
                "security_groups": [],
                "self": false,
                "to_port": 80
              },
              {
                "cidr_blocks": [
                  "10.0.0.0/16"
                ],
                "description": "",
                "from_port": 5432,
                "ipv6_cidr_blocks": [],
                "prefix_list_ids": [],
                "protocol": "tcp",
                "security_groups": [],
                "self": false,
                "to_port": 5432
              }
            ],
            "id": "sg-0823eb57f7c9018e5",
            "ingress": [],
            "name": "order-processor-dev-lambda-20250605225006304000000002",
            "name_prefix": "order-processor-dev-lambda-",
            "owner_id": "940482447349",
            "revoke_rules_on_delete": false,
            "tags": {
              "Environment": "dev",
              "Name": "order-processor-dev-lambda-sg"
            },
            "tags_all": {
              "Environment": "dev",
              "Name": "order-processor-dev-lambda-sg"
            },
            "timeouts": null,
            "vpc_id": "vpc-0669d3c7f94265f95"
          },
          "sensitive_attributes": [],
          "identity_schema_version": 0,
          "private": "eyJlMmJmYjczMC1lY2FhLTExZTYtOGY4OC0zNDM2M2JjN2M0YzAiOnsiY3JlYXRlIjo2MDAwMDAwMDAwMDAsImRlbGV0ZSI6OTAwMDAwMDAwMDAwfSwic2NoZW1hX3ZlcnNpb24iOiIxIn0=",
          "dependencies": [
            "aws_vpc.main"
          ]
        }
      ]
    },
    {
      "mode": "managed",
      "type": "aws_security_group",
      "name": "rds_inventory",
      "provider": "provider[\"registry.terraform.io/hashicorp/aws\"]",
      "instances": [
        {
          "schema_version": 1,
          "attributes": {
            "arn": "arn:aws:ec2:us-west-2:940482447349:security-group/sg-0348741370872aa9d",
            "description": "Managed by Terraform",
            "egress": [
              {
                "cidr_blocks": [
                  "0.0.0.0/0"
                ],
                "description": "",
                "from_port": 0,
                "ipv6_cidr_blocks": [],
                "prefix_list_ids": [],
                "protocol": "-1",
                "security_groups": [],
                "self": false,
                "to_port": 0
              }
            ],
            "id": "sg-0348741370872aa9d",
            "ingress": [
              {
                "cidr_blocks": [
                  "10.0.0.0/16"
                ],
                "description": "",
                "from_port": 5432,
                "ipv6_cidr_blocks": [],
                "prefix_list_ids": [],
                "protocol": "tcp",
                "security_groups": [
                  "sg-04f19ab61ac0d7c59"
                ],
                "self": false,
                "to_port": 5432
              }
            ],
            "name": "order-processor-dev-rds-inventory-20250605225008772700000007",
            "name_prefix": "order-processor-dev-rds-inventory-",
            "owner_id": "940482447349",
            "revoke_rules_on_delete": false,
            "tags": {
              "Environment": "dev",
              "Name": "order-processor-dev-rds-inventory-sg"
            },
            "tags_all": {
              "Environment": "dev",
              "Name": "order-processor-dev-rds-inventory-sg"
            },
            "timeouts": null,
            "vpc_id": "vpc-0669d3c7f94265f95"
          },
          "sensitive_attributes": [],
          "identity_schema_version": 0,
          "private": "eyJlMmJmYjczMC1lY2FhLTExZTYtOGY4OC0zNDM2M2JjN2M0YzAiOnsiY3JlYXRlIjo2MDAwMDAwMDAwMDAsImRlbGV0ZSI6OTAwMDAwMDAwMDAwfSwic2NoZW1hX3ZlcnNpb24iOiIxIn0=",
          "dependencies": [
            "aws_security_group.app",
            "aws_vpc.main"
          ]
        }
      ]
    },
    {
      "mode": "managed",
      "type": "aws_security_group",
      "name": "rds_order",
      "provider": "provider[\"registry.terraform.io/hashicorp/aws\"]",
      "instances": [
        {
          "schema_version": 1,
          "attributes": {
            "arn": "arn:aws:ec2:us-west-2:940482447349:security-group/sg-0e7a91518cfeb7ca8",
            "description": "Managed by Terraform",
            "egress": [
              {
                "cidr_blocks": [
                  "0.0.0.0/0"
                ],
                "description": "",
                "from_port": 0,
                "ipv6_cidr_blocks": [],
                "prefix_list_ids": [],
                "protocol": "-1",
                "security_groups": [],
                "self": false,
                "to_port": 0
              }
            ],
            "id": "sg-0e7a91518cfeb7ca8",
            "ingress": [
              {
                "cidr_blocks": [
                  "10.0.0.0/16"
                ],
                "description": "",
                "from_port": 5432,
                "ipv6_cidr_blocks": [],
                "prefix_list_ids": [],
                "protocol": "tcp",
                "security_groups": [
                  "sg-04f19ab61ac0d7c59"
                ],
                "self": false,
                "to_port": 5432
              }
            ],
            "name": "order-processor-dev-rds-order-20250605225008772600000005",
            "name_prefix": "order-processor-dev-rds-order-",
            "owner_id": "940482447349",
            "revoke_rules_on_delete": false,
            "tags": {
              "Environment": "dev",
              "Name": "order-processor-dev-rds-order-sg"
            },
            "tags_all": {
              "Environment": "dev",
              "Name": "order-processor-dev-rds-order-sg"
            },
            "timeouts": null,
            "vpc_id": "vpc-0669d3c7f94265f95"
          },
          "sensitive_attributes": [],
          "identity_schema_version": 0,
          "private": "eyJlMmJmYjczMC1lY2FhLTExZTYtOGY4OC0zNDM2M2JjN2M0YzAiOnsiY3JlYXRlIjo2MDAwMDAwMDAwMDAsImRlbGV0ZSI6OTAwMDAwMDAwMDAwfSwic2NoZW1hX3ZlcnNpb24iOiIxIn0=",
          "dependencies": [
            "aws_security_group.app",
            "aws_vpc.main"
          ]
        }
      ]
    },
    {
      "mode": "managed",
      "type": "aws_security_group",
      "name": "rds_product",
      "provider": "provider[\"registry.terraform.io/hashicorp/aws\"]",
      "instances": [
        {
          "schema_version": 1,
          "attributes": {
            "arn": "arn:aws:ec2:us-west-2:940482447349:security-group/sg-0e70ffc17c60f81fe",
            "description": "Managed by Terraform",
            "egress": [
              {
                "cidr_blocks": [
                  "0.0.0.0/0"
                ],
                "description": "",
                "from_port": 0,
                "ipv6_cidr_blocks": [],
                "prefix_list_ids": [],
                "protocol": "-1",
                "security_groups": [],
                "self": false,
                "to_port": 0
              }
            ],
            "id": "sg-0e70ffc17c60f81fe",
            "ingress": [
              {
                "cidr_blocks": [
                  "10.0.0.0/16"
                ],
                "description": "",
                "from_port": 5432,
                "ipv6_cidr_blocks": [],
                "prefix_list_ids": [],
                "protocol": "tcp",
                "security_groups": [
                  "sg-04f19ab61ac0d7c59"
                ],
                "self": false,
                "to_port": 5432
              }
            ],
            "name": "order-processor-dev-rds-product-20250605225008772600000006",
            "name_prefix": "order-processor-dev-rds-product-",
            "owner_id": "940482447349",
            "revoke_rules_on_delete": false,
            "tags": {
              "Environment": "dev",
              "Name": "order-processor-dev-rds-product-sg"
            },
            "tags_all": {
              "Environment": "dev",
              "Name": "order-processor-dev-rds-product-sg"
            },
            "timeouts": null,
            "vpc_id": "vpc-0669d3c7f94265f95"
          },
          "sensitive_attributes": [],
          "identity_schema_version": 0,
          "private": "eyJlMmJmYjczMC1lY2FhLTExZTYtOGY4OC0zNDM2M2JjN2M0YzAiOnsiY3JlYXRlIjo2MDAwMDAwMDAwMDAsImRlbGV0ZSI6OTAwMDAwMDAwMDAwfSwic2NoZW1hX3ZlcnNpb24iOiIxIn0=",
          "dependencies": [
            "aws_security_group.app",
            "aws_vpc.main"
          ]
        }
      ]
    },
    {
      "mode": "managed",
      "type": "aws_security_group_rule",
      "name": "rds_inventory_lambda_access",
      "provider": "provider[\"registry.terraform.io/hashicorp/aws\"]",
      "instances": [
        {
          "schema_version": 2,
          "attributes": {
            "cidr_blocks": null,
            "description": null,
            "from_port": 5432,
            "id": "sgrule-585377860",
            "ipv6_cidr_blocks": null,
            "prefix_list_ids": null,
            "protocol": "tcp",
            "security_group_id": "sg-0348741370872aa9d",
            "security_group_rule_id": "sgr-09560f47568c4a08d",
            "self": false,
            "source_security_group_id": "sg-0823eb57f7c9018e5",
            "timeouts": null,
            "to_port": 5432,
            "type": "ingress"
          },
          "sensitive_attributes": [],
          "identity_schema_version": 0,
          "private": "eyJlMmJmYjczMC1lY2FhLTExZTYtOGY4OC0zNDM2M2JjN2M0YzAiOnsiY3JlYXRlIjozMDAwMDAwMDAwMDB9LCJzY2hlbWFfdmVyc2lvbiI6IjIifQ==",
          "dependencies": [
            "aws_security_group.app",
            "aws_security_group.lambda",
            "aws_security_group.rds_inventory",
            "aws_vpc.main"
          ]
        }
      ]
    },
    {
      "mode": "managed",
      "type": "aws_security_group_rule",
      "name": "rds_order_lambda_access",
      "provider": "provider[\"registry.terraform.io/hashicorp/aws\"]",
      "instances": [
        {
          "schema_version": 2,
          "attributes": {
            "cidr_blocks": null,
            "description": null,
            "from_port": 5432,
            "id": "sgrule-2624872344",
            "ipv6_cidr_blocks": null,
            "prefix_list_ids": null,
            "protocol": "tcp",
            "security_group_id": "sg-0e7a91518cfeb7ca8",
            "security_group_rule_id": "sgr-0d0c492f5ce6b93b0",
            "self": false,
            "source_security_group_id": "sg-0823eb57f7c9018e5",
            "timeouts": null,
            "to_port": 5432,
            "type": "ingress"
          },
          "sensitive_attributes": [],
          "identity_schema_version": 0,
          "private": "eyJlMmJmYjczMC1lY2FhLTExZTYtOGY4OC0zNDM2M2JjN2M0YzAiOnsiY3JlYXRlIjozMDAwMDAwMDAwMDB9LCJzY2hlbWFfdmVyc2lvbiI6IjIifQ==",
          "dependencies": [
            "aws_security_group.app",
            "aws_security_group.lambda",
            "aws_security_group.rds_order",
            "aws_vpc.main"
          ]
        }
      ]
    },
    {
      "mode": "managed",
      "type": "aws_security_group_rule",
      "name": "rds_product_lambda_access",
      "provider": "provider[\"registry.terraform.io/hashicorp/aws\"]",
      "instances": [
        {
          "schema_version": 2,
          "attributes": {
            "cidr_blocks": null,
            "description": null,
            "from_port": 5432,
            "id": "sgrule-3047840106",
            "ipv6_cidr_blocks": null,
            "prefix_list_ids": null,
            "protocol": "tcp",
            "security_group_id": "sg-0e70ffc17c60f81fe",
            "security_group_rule_id": "sgr-0c3a6f37c23a960b4",
            "self": false,
            "source_security_group_id": "sg-0823eb57f7c9018e5",
            "timeouts": null,
            "to_port": 5432,
            "type": "ingress"
          },
          "sensitive_attributes": [],
          "identity_schema_version": 0,
          "private": "eyJlMmJmYjczMC1lY2FhLTExZTYtOGY4OC0zNDM2M2JjN2M0YzAiOnsiY3JlYXRlIjozMDAwMDAwMDAwMDB9LCJzY2hlbWFfdmVyc2lvbiI6IjIifQ==",
          "dependencies": [
            "aws_security_group.app",
            "aws_security_group.lambda",
            "aws_security_group.rds_product",
            "aws_vpc.main"
          ]
        }
      ]
    },
    {
      "mode": "managed",
      "type": "aws_sns_topic",
      "name": "order_notifications",
      "provider": "provider[\"registry.terraform.io/hashicorp/aws\"]",
      "instances": [
        {
          "schema_version": 0,
          "attributes": {
            "application_failure_feedback_role_arn": "",
            "application_success_feedback_role_arn": "",
            "application_success_feedback_sample_rate": 0,
            "archive_policy": "",
            "arn": "arn:aws:sns:us-west-2:940482447349:order-processor-dev-order-notifications",
            "beginning_archive_time": "",
            "content_based_deduplication": false,
            "delivery_policy": "",
            "display_name": "",
            "fifo_throughput_scope": "",
            "fifo_topic": false,
            "firehose_failure_feedback_role_arn": "",
            "firehose_success_feedback_role_arn": "",
            "firehose_success_feedback_sample_rate": 0,
            "http_failure_feedback_role_arn": "",
            "http_success_feedback_role_arn": "",
            "http_success_feedback_sample_rate": 0,
            "id": "arn:aws:sns:us-west-2:940482447349:order-processor-dev-order-notifications",
            "kms_master_key_id": "",
            "lambda_failure_feedback_role_arn": "",
            "lambda_success_feedback_role_arn": "",
            "lambda_success_feedback_sample_rate": 0,
            "name": "order-processor-dev-order-notifications",
            "name_prefix": "",
            "owner": "940482447349",
            "policy": "{\"Id\":\"__default_policy_ID\",\"Statement\":[{\"Action\":[\"SNS:GetTopicAttributes\",\"SNS:SetTopicAttributes\",\"SNS:AddPermission\",\"SNS:RemovePermission\",\"SNS:DeleteTopic\",\"SNS:Subscribe\",\"SNS:ListSubscriptionsByTopic\",\"SNS:Publish\"],\"Condition\":{\"StringEquals\":{\"AWS:SourceOwner\":\"940482447349\"}},\"Effect\":\"Allow\",\"Principal\":{\"AWS\":\"*\"},\"Resource\":\"arn:aws:sns:us-west-2:940482447349:order-processor-dev-order-notifications\",\"Sid\":\"__default_statement_ID\"}],\"Version\":\"2008-10-17\"}",
            "signature_version": 0,
            "sqs_failure_feedback_role_arn": "",
            "sqs_success_feedback_role_arn": "",
            "sqs_success_feedback_sample_rate": 0,
            "tags": {
              "Environment": "dev",
              "Name": "order-processor-dev-order-notifications"
            },
            "tags_all": {
              "Environment": "dev",
              "Name": "order-processor-dev-order-notifications"
            },
            "tracing_config": ""
          },
          "sensitive_attributes": [],
          "identity_schema_version": 0,
          "private": "bnVsbA=="
        }
      ]
    },
    {
      "mode": "managed",
      "type": "aws_sqs_queue",
      "name": "inventory_updates",
      "provider": "provider[\"registry.terraform.io/hashicorp/aws\"]",
      "instances": [
        {
          "schema_version": 0,
          "attributes": {
            "arn": "arn:aws:sqs:us-west-2:940482447349:order-processor-dev-inventory-updates",
            "content_based_deduplication": false,
            "deduplication_scope": "",
            "delay_seconds": 0,
            "fifo_queue": false,
            "fifo_throughput_limit": "",
            "id": "https://sqs.us-west-2.amazonaws.com/940482447349/order-processor-dev-inventory-updates",
            "kms_data_key_reuse_period_seconds": 300,
            "kms_master_key_id": "",
            "max_message_size": 262144,
            "message_retention_seconds": 345600,
            "name": "order-processor-dev-inventory-updates",
            "name_prefix": "",
            "policy": "",
            "receive_wait_time_seconds": 10,
            "redrive_allow_policy": "",
            "redrive_policy": "",
            "sqs_managed_sse_enabled": true,
            "tags": {
              "Environment": "dev",
              "Name": "order-processor-dev-inventory-updates"
            },
            "tags_all": {
              "Environment": "dev",
              "Name": "order-processor-dev-inventory-updates"
            },
            "timeouts": null,
            "url": "https://sqs.us-west-2.amazonaws.com/940482447349/order-processor-dev-inventory-updates",
            "visibility_timeout_seconds": 30
          },
          "sensitive_attributes": [],
          "identity_schema_version": 0,
          "private": "eyJlMmJmYjczMC1lY2FhLTExZTYtOGY4OC0zNDM2M2JjN2M0YzAiOnsiY3JlYXRlIjoxODAwMDAwMDAwMDAsImRlbGV0ZSI6MTgwMDAwMDAwMDAwLCJ1cGRhdGUiOjE4MDAwMDAwMDAwMH19"
        }
      ]
    },
    {
      "mode": "managed",
      "type": "aws_sqs_queue",
      "name": "notifications",
      "provider": "provider[\"registry.terraform.io/hashicorp/aws\"]",
      "instances": [
        {
          "schema_version": 0,
          "attributes": {
            "arn": "arn:aws:sqs:us-west-2:940482447349:order-processor-dev-notifications",
            "content_based_deduplication": false,
            "deduplication_scope": "",
            "delay_seconds": 0,
            "fifo_queue": false,
            "fifo_throughput_limit": "",
            "id": "https://sqs.us-west-2.amazonaws.com/940482447349/order-processor-dev-notifications",
            "kms_data_key_reuse_period_seconds": 300,
            "kms_master_key_id": "",
            "max_message_size": 262144,
            "message_retention_seconds": 345600,
            "name": "order-processor-dev-notifications",
            "name_prefix": "",
            "policy": "",
            "receive_wait_time_seconds": 10,
            "redrive_allow_policy": "",
            "redrive_policy": "",
            "sqs_managed_sse_enabled": true,
            "tags": {
              "Environment": "dev",
              "Name": "order-processor-dev-notifications"
            },
            "tags_all": {
              "Environment": "dev",
              "Name": "order-processor-dev-notifications"
            },
            "timeouts": null,
            "url": "https://sqs.us-west-2.amazonaws.com/940482447349/order-processor-dev-notifications",
            "visibility_timeout_seconds": 30
          },
          "sensitive_attributes": [],
          "identity_schema_version": 0,
          "private": "eyJlMmJmYjczMC1lY2FhLTExZTYtOGY4OC0zNDM2M2JjN2M0YzAiOnsiY3JlYXRlIjoxODAwMDAwMDAwMDAsImRlbGV0ZSI6MTgwMDAwMDAwMDAwLCJ1cGRhdGUiOjE4MDAwMDAwMDAwMH19"
        }
      ]
    },
    {
      "mode": "managed",
      "type": "aws_sqs_queue",
      "name": "order_processing",
      "provider": "provider[\"registry.terraform.io/hashicorp/aws\"]",
      "instances": [
        {
          "schema_version": 0,
          "attributes": {
            "arn": "arn:aws:sqs:us-west-2:940482447349:order-processor-dev-order-processing",
            "content_based_deduplication": false,
            "deduplication_scope": "",
            "delay_seconds": 0,
            "fifo_queue": false,
            "fifo_throughput_limit": "",
            "id": "https://sqs.us-west-2.amazonaws.com/940482447349/order-processor-dev-order-processing",
            "kms_data_key_reuse_period_seconds": 300,
            "kms_master_key_id": "",
            "max_message_size": 262144,
            "message_retention_seconds": 345600,
            "name": "order-processor-dev-order-processing",
            "name_prefix": "",
            "policy": "",
            "receive_wait_time_seconds": 10,
            "redrive_allow_policy": "",
            "redrive_policy": "",
            "sqs_managed_sse_enabled": true,
            "tags": {
              "Environment": "dev",
              "Name": "order-processor-dev-order-processing"
            },
            "tags_all": {
              "Environment": "dev",
              "Name": "order-processor-dev-order-processing"
            },
            "timeouts": null,
            "url": "https://sqs.us-west-2.amazonaws.com/940482447349/order-processor-dev-order-processing",
            "visibility_timeout_seconds": 30
          },
          "sensitive_attributes": [],
          "identity_schema_version": 0,
          "private": "eyJlMmJmYjczMC1lY2FhLTExZTYtOGY4OC0zNDM2M2JjN2M0YzAiOnsiY3JlYXRlIjoxODAwMDAwMDAwMDAsImRlbGV0ZSI6MTgwMDAwMDAwMDAwLCJ1cGRhdGUiOjE4MDAwMDAwMDAwMH19"
        }
      ]
    },
    {
      "mode": "managed",
      "type": "aws_subnet",
      "name": "private",
      "provider": "provider[\"registry.terraform.io/hashicorp/aws\"]",
      "instances": [
        {
          "index_key": 0,
          "schema_version": 1,
          "attributes": {
            "arn": "arn:aws:ec2:us-west-2:940482447349:subnet/subnet-064aa89304aea69dd",
            "assign_ipv6_address_on_creation": false,
            "availability_zone": "us-west-2a",
            "availability_zone_id": "usw2-az2",
            "cidr_block": "10.0.10.0/24",
            "customer_owned_ipv4_pool": "",
            "enable_dns64": false,
            "enable_lni_at_device_index": 0,
            "enable_resource_name_dns_a_record_on_launch": false,
            "enable_resource_name_dns_aaaa_record_on_launch": false,
            "id": "subnet-064aa89304aea69dd",
            "ipv6_cidr_block": "",
            "ipv6_cidr_block_association_id": "",
            "ipv6_native": false,
            "map_customer_owned_ip_on_launch": false,
            "map_public_ip_on_launch": false,
            "outpost_arn": "",
            "owner_id": "940482447349",
            "private_dns_hostname_type_on_launch": "ip-name",
            "tags": {
              "Environment": "dev",
              "Name": "order-processor-dev-private-subnet-1"
            },
            "tags_all": {
              "Environment": "dev",
              "Name": "order-processor-dev-private-subnet-1"
            },
            "timeouts": null,
            "vpc_id": "vpc-0669d3c7f94265f95"
          },
          "sensitive_attributes": [],
          "identity_schema_version": 0,
          "private": "eyJlMmJmYjczMC1lY2FhLTExZTYtOGY4OC0zNDM2M2JjN2M0YzAiOnsiY3JlYXRlIjo2MDAwMDAwMDAwMDAsImRlbGV0ZSI6MTIwMDAwMDAwMDAwMH0sInNjaGVtYV92ZXJzaW9uIjoiMSJ9",
          "dependencies": [
            "aws_vpc.main",
            "data.aws_availability_zones.available"
          ]
        },
        {
          "index_key": 1,
          "schema_version": 1,
          "attributes": {
            "arn": "arn:aws:ec2:us-west-2:940482447349:subnet/subnet-0062edd24f856579d",
            "assign_ipv6_address_on_creation": false,
            "availability_zone": "us-west-2b",
            "availability_zone_id": "usw2-az1",
            "cidr_block": "10.0.11.0/24",
            "customer_owned_ipv4_pool": "",
            "enable_dns64": false,
            "enable_lni_at_device_index": 0,
            "enable_resource_name_dns_a_record_on_launch": false,
            "enable_resource_name_dns_aaaa_record_on_launch": false,
            "id": "subnet-0062edd24f856579d",
            "ipv6_cidr_block": "",
            "ipv6_cidr_block_association_id": "",
            "ipv6_native": false,
            "map_customer_owned_ip_on_launch": false,
            "map_public_ip_on_launch": false,
            "outpost_arn": "",
            "owner_id": "940482447349",
            "private_dns_hostname_type_on_launch": "ip-name",
            "tags": {
              "Environment": "dev",
              "Name": "order-processor-dev-private-subnet-2"
            },
            "tags_all": {
              "Environment": "dev",
              "Name": "order-processor-dev-private-subnet-2"
            },
            "timeouts": null,
            "vpc_id": "vpc-0669d3c7f94265f95"
          },
          "sensitive_attributes": [],
          "identity_schema_version": 0,
          "private": "eyJlMmJmYjczMC1lY2FhLTExZTYtOGY4OC0zNDM2M2JjN2M0YzAiOnsiY3JlYXRlIjo2MDAwMDAwMDAwMDAsImRlbGV0ZSI6MTIwMDAwMDAwMDAwMH0sInNjaGVtYV92ZXJzaW9uIjoiMSJ9",
          "dependencies": [
            "aws_vpc.main",
            "data.aws_availability_zones.available"
          ]
        }
      ]
    },
    {
      "mode": "managed",
      "type": "aws_subnet",
      "name": "public",
      "provider": "provider[\"registry.terraform.io/hashicorp/aws\"]",
      "instances": [
        {
          "index_key": 0,
          "schema_version": 1,
          "attributes": {
            "arn": "arn:aws:ec2:us-west-2:940482447349:subnet/subnet-0199867988c586d8e",
            "assign_ipv6_address_on_creation": false,
            "availability_zone": "us-west-2a",
            "availability_zone_id": "usw2-az2",
            "cidr_block": "10.0.1.0/24",
            "customer_owned_ipv4_pool": "",
            "enable_dns64": false,
            "enable_lni_at_device_index": 0,
            "enable_resource_name_dns_a_record_on_launch": false,
            "enable_resource_name_dns_aaaa_record_on_launch": false,
            "id": "subnet-0199867988c586d8e",
            "ipv6_cidr_block": "",
            "ipv6_cidr_block_association_id": "",
            "ipv6_native": false,
            "map_customer_owned_ip_on_launch": false,
            "map_public_ip_on_launch": true,
            "outpost_arn": "",
            "owner_id": "940482447349",
            "private_dns_hostname_type_on_launch": "ip-name",
            "tags": {
              "Environment": "dev",
              "Name": "order-processor-dev-public-subnet-1"
            },
            "tags_all": {
              "Environment": "dev",
              "Name": "order-processor-dev-public-subnet-1"
            },
            "timeouts": null,
            "vpc_id": "vpc-0669d3c7f94265f95"
          },
          "sensitive_attributes": [],
          "identity_schema_version": 0,
          "private": "eyJlMmJmYjczMC1lY2FhLTExZTYtOGY4OC0zNDM2M2JjN2M0YzAiOnsiY3JlYXRlIjo2MDAwMDAwMDAwMDAsImRlbGV0ZSI6MTIwMDAwMDAwMDAwMH0sInNjaGVtYV92ZXJzaW9uIjoiMSJ9",
          "dependencies": [
            "aws_vpc.main",
            "data.aws_availability_zones.available"
          ]
        },
        {
          "index_key": 1,
          "schema_version": 1,
          "attributes": {
            "arn": "arn:aws:ec2:us-west-2:940482447349:subnet/subnet-092cb7f7574cbdcbb",
            "assign_ipv6_address_on_creation": false,
            "availability_zone": "us-west-2b",
            "availability_zone_id": "usw2-az1",
            "cidr_block": "10.0.2.0/24",
            "customer_owned_ipv4_pool": "",
            "enable_dns64": false,
            "enable_lni_at_device_index": 0,
            "enable_resource_name_dns_a_record_on_launch": false,
            "enable_resource_name_dns_aaaa_record_on_launch": false,
            "id": "subnet-092cb7f7574cbdcbb",
            "ipv6_cidr_block": "",
            "ipv6_cidr_block_association_id": "",
            "ipv6_native": false,
            "map_customer_owned_ip_on_launch": false,
            "map_public_ip_on_launch": true,
            "outpost_arn": "",
            "owner_id": "940482447349",
            "private_dns_hostname_type_on_launch": "ip-name",
            "tags": {
              "Environment": "dev",
              "Name": "order-processor-dev-public-subnet-2"
            },
            "tags_all": {
              "Environment": "dev",
              "Name": "order-processor-dev-public-subnet-2"
            },
            "timeouts": null,
            "vpc_id": "vpc-0669d3c7f94265f95"
          },
          "sensitive_attributes": [],
          "identity_schema_version": 0,
          "private": "eyJlMmJmYjczMC1lY2FhLTExZTYtOGY4OC0zNDM2M2JjN2M0YzAiOnsiY3JlYXRlIjo2MDAwMDAwMDAwMDAsImRlbGV0ZSI6MTIwMDAwMDAwMDAwMH0sInNjaGVtYV92ZXJzaW9uIjoiMSJ9",
          "dependencies": [
            "aws_vpc.main",
            "data.aws_availability_zones.available"
          ]
        }
      ]
    },
    {
      "mode": "managed",
      "type": "aws_vpc",
      "name": "main",
      "provider": "provider[\"registry.terraform.io/hashicorp/aws\"]",
      "instances": [
        {
          "schema_version": 1,
          "attributes": {
            "arn": "arn:aws:ec2:us-west-2:940482447349:vpc/vpc-0669d3c7f94265f95",
            "assign_generated_ipv6_cidr_block": false,
            "cidr_block": "10.0.0.0/16",
            "default_network_acl_id": "acl-046f67e01044ddf57",
            "default_route_table_id": "rtb-02b3b00568c655aaf",
            "default_security_group_id": "sg-0ebc4ffaf8c1bff58",
            "dhcp_options_id": "dopt-07a0531b1cc2e5a90",
            "enable_dns_hostnames": true,
            "enable_dns_support": true,
            "enable_network_address_usage_metrics": false,
            "id": "vpc-0669d3c7f94265f95",
            "instance_tenancy": "default",
            "ipv4_ipam_pool_id": null,
            "ipv4_netmask_length": null,
            "ipv6_association_id": "",
            "ipv6_cidr_block": "",
            "ipv6_cidr_block_network_border_group": "",
            "ipv6_ipam_pool_id": "",
            "ipv6_netmask_length": 0,
            "main_route_table_id": "rtb-02b3b00568c655aaf",
            "owner_id": "940482447349",
            "tags": {
              "Environment": "dev",
              "Name": "order-processor-dev-vpc"
            },
            "tags_all": {
              "Environment": "dev",
              "Name": "order-processor-dev-vpc"
            }
          },
          "sensitive_attributes": [],
          "identity_schema_version": 0,
          "private": "eyJzY2hlbWFfdmVyc2lvbiI6IjEifQ=="
        }
      ]
    }
  ],
  "check_results": null
}
